
Microsoft Visual Studio Solution File, Format Version 12.00
# Visual Studio 14
VisualStudioVersion = 14.0.25420.1
MinimumVisualStudioVersion = 10.0.40219.1
Project("{FAE04EC0-301F-11D3-BF4B-00C04F79EFBC}") = "FavoritosNetflix", "FavoritosNetflix\FavoritosNetflix\FavoritosNetflix.csproj", "{8E76B3E4-3CD3-4499-811B-CAC23FB776D4}"
EndProject
Project("{FAE04EC0-301F-11D3-BF4B-00C04F79EFBC}") = "FavoritosNetflix.Droid", "FavoritosNetflix\FavoritosNetflix.Droid\FavoritosNetflix.Droid.csproj", "{67C5B69D-4164-45B3-8328-05BFE61E42B0}"
EndProject
Project("{FAE04EC0-301F-11D3-BF4B-00C04F79EFBC}") = "FavoritosNetflix.iOS", "FavoritosNetflix\FavoritosNetflix.iOS\FavoritosNetflix.iOS.csproj", "{6B7D114E-A89F-46EF-8C37-74B430D48E3B}"
EndProject
Project("{FAE04EC0-301F-11D3-BF4B-00C04F79EFBC}") = "FavoritosNetflix.WinPhone", "FavoritosNetflix\FavoritosNetflix.WinPhone\FavoritosNetflix.WinPhone.csproj", "{71CE7A45-18FD-4EA1-97ED-AB7B3768B2E3}"
EndProject
Project("{FAE04EC0-301F-11D3-BF4B-00C04F79EFBC}") = "FavoritosNetflix.Windows", "FavoritosNetflix\FavoritosNetflix.Windows\FavoritosNetflix.Windows.csproj", "{4CF1A4F3-3458-42A8-B745-1ED6BCD9D3D2}"
EndProject
Global
	GlobalSection(SolutionConfigurationPlatforms) = preSolution
		Ad-Hoc|Any CPU = Ad-Hoc|Any CPU
		Ad-Hoc|ARM = Ad-Hoc|ARM
		Ad-Hoc|iPhone = Ad-Hoc|iPhone
		Ad-Hoc|iPhoneSimulator = Ad-Hoc|iPhoneSimulator
		Ad-Hoc|x64 = Ad-Hoc|x64
		Ad-Hoc|x86 = Ad-Hoc|x86
		AppStore|Any CPU = AppStore|Any CPU
		AppStore|ARM = AppStore|ARM
		AppStore|iPhone = AppStore|iPhone
		AppStore|iPhoneSimulator = AppStore|iPhoneSimulator
		AppStore|x64 = AppStore|x64
		AppStore|x86 = AppStore|x86
		Debug|Any CPU = Debug|Any CPU
		Debug|ARM = Debug|ARM
		Debug|iPhone = Debug|iPhone
		Debug|iPhoneSimulator = Debug|iPhoneSimulator
		Debug|x64 = Debug|x64
		Debug|x86 = Debug|x86
		Release|Any CPU = Release|Any CPU
		Release|ARM = Release|ARM
		Release|iPhone = Release|iPhone
		Release|iPhoneSimulator = Release|iPhoneSimulator
		Release|x64 = Release|x64
		Release|x86 = Release|x86
	EndGlobalSection
	GlobalSection(ProjectConfigurationPlatforms) = postSolution
		{8E76B3E4-3CD3-4499-811B-CAC23FB776D4}.Ad-Hoc|Any CPU.ActiveCfg = Release|Any CPU
		{8E76B3E4-3CD3-4499-811B-CAC23FB776D4}.Ad-Hoc|Any CPU.Build.0 = Release|Any CPU
		{8E76B3E4-3CD3-4499-811B-CAC23FB776D4}.Ad-Hoc|ARM.ActiveCfg = Release|Any CPU
		{8E76B3E4-3CD3-4499-811B-CAC23FB776D4}.Ad-Hoc|ARM.Build.0 = Release|Any CPU
		{8E76B3E4-3CD3-4499-811B-CAC23FB776D4}.Ad-Hoc|iPhone.ActiveCfg = Release|Any CPU
		{8E76B3E4-3CD3-4499-811B-CAC23FB776D4}.Ad-Hoc|iPhone.Build.0 = Release|Any CPU
		{8E76B3E4-3CD3-4499-811B-CAC23FB776D4}.Ad-Hoc|iPhoneSimulator.ActiveCfg = Release|Any CPU
		{8E76B3E4-3CD3-4499-811B-CAC23FB776D4}.Ad-Hoc|iPhoneSimulator.Build.0 = Release|Any CPU
		{8E76B3E4-3CD3-4499-811B-CAC23FB776D4}.Ad-Hoc|x64.ActiveCfg = Release|Any CPU
		{8E76B3E4-3CD3-4499-811B-CAC23FB776D4}.Ad-Hoc|x64.Build.0 = Release|Any CPU
		{8E76B3E4-3CD3-4499-811B-CAC23FB776D4}.Ad-Hoc|x86.ActiveCfg = Release|Any CPU
		{8E76B3E4-3CD3-4499-811B-CAC23FB776D4}.Ad-Hoc|x86.Build.0 = Release|Any CPU
		{8E76B3E4-3CD3-4499-811B-CAC23FB776D4}.AppStore|Any CPU.ActiveCfg = Release|Any CPU
		{8E76B3E4-3CD3-4499-811B-CAC23FB776D4}.AppStore|Any CPU.Build.0 = Release|Any CPU
		{8E76B3E4-3CD3-4499-811B-CAC23FB776D4}.AppStore|ARM.ActiveCfg = Release|Any CPU
		{8E76B3E4-3CD3-4499-811B-CAC23FB776D4}.AppStore|ARM.Build.0 = Release|Any CPU
		{8E76B3E4-3CD3-4499-811B-CAC23FB776D4}.AppStore|iPhone.ActiveCfg = Release|Any CPU
		{8E76B3E4-3CD3-4499-811B-CAC23FB776D4}.AppStore|iPhone.Build.0 = Release|Any CPU
		{8E76B3E4-3CD3-4499-811B-CAC23FB776D4}.AppStore|iPhoneSimulator.ActiveCfg = Release|Any CPU
		{8E76B3E4-3CD3-4499-811B-CAC23FB776D4}.AppStore|iPhoneSimulator.Build.0 = Release|Any CPU
		{8E76B3E4-3CD3-4499-811B-CAC23FB776D4}.AppStore|x64.ActiveCfg = Release|Any CPU
		{8E76B3E4-3CD3-4499-811B-CAC23FB776D4}.AppStore|x64.Build.0 = Release|Any CPU
		{8E76B3E4-3CD3-4499-811B-CAC23FB776D4}.AppStore|x86.ActiveCfg = Release|Any CPU
		{8E76B3E4-3CD3-4499-811B-CAC23FB776D4}.AppStore|x86.Build.0 = Release|Any CPU
		{8E76B3E4-3CD3-4499-811B-CAC23FB776D4}.Debug|Any CPU.ActiveCfg = Debug|Any CPU
		{8E76B3E4-3CD3-4499-811B-CAC23FB776D4}.Debug|Any CPU.Build.0 = Debug|Any CPU
		{8E76B3E4-3CD3-4499-811B-CAC23FB776D4}.Debug|ARM.ActiveCfg = Debug|Any CPU
		{8E76B3E4-3CD3-4499-811B-CAC23FB776D4}.Debug|ARM.Build.0 = Debug|Any CPU
		{8E76B3E4-3CD3-4499-811B-CAC23FB776D4}.Debug|iPhone.ActiveCfg = Debug|Any CPU
		{8E76B3E4-3CD3-4499-811B-CAC23FB776D4}.Debug|iPhone.Build.0 = Debug|Any CPU
		{8E76B3E4-3CD3-4499-811B-CAC23FB776D4}.Debug|iPhoneSimulator.ActiveCfg = Debug|Any CPU
		{8E76B3E4-3CD3-4499-811B-CAC23FB776D4}.Debug|iPhoneSimulator.Build.0 = Debug|Any CPU
		{8E76B3E4-3CD3-4499-811B-CAC23FB776D4}.Debug|x64.ActiveCfg = Debug|Any CPU
		{8E76B3E4-3CD3-4499-811B-CAC23FB776D4}.Debug|x64.Build.0 = Debug|Any CPU
		{8E76B3E4-3CD3-4499-811B-CAC23FB776D4}.Debug|x86.ActiveCfg = Debug|Any CPU
		{8E76B3E4-3CD3-4499-811B-CAC23FB776D4}.Debug|x86.Build.0 = Debug|Any CPU
		{8E76B3E4-3CD3-4499-811B-CAC23FB776D4}.Release|Any CPU.ActiveCfg = Release|Any CPU
		{8E76B3E4-3CD3-4499-811B-CAC23FB776D4}.Release|Any CPU.Build.0 = Release|Any CPU
		{8E76B3E4-3CD3-4499-811B-CAC23FB776D4}.Release|ARM.ActiveCfg = Release|Any CPU
		{8E76B3E4-3CD3-4499-811B-CAC23FB776D4}.Release|ARM.Build.0 = Release|Any CPU
		{8E76B3E4-3CD3-4499-811B-CAC23FB776D4}.Release|iPhone.ActiveCfg = Release|Any CPU
		{8E76B3E4-3CD3-4499-811B-CAC23FB776D4}.Release|iPhone.Build.0 = Release|Any CPU
		{8E76B3E4-3CD3-4499-811B-CAC23FB776D4}.Release|iPhoneSimulator.ActiveCfg = Release|Any CPU
		{8E76B3E4-3CD3-4499-811B-CAC23FB776D4}.Release|iPhoneSimulator.Build.0 = Release|Any CPU
		{8E76B3E4-3CD3-4499-811B-CAC23FB776D4}.Release|x64.ActiveCfg = Release|Any CPU
		{8E76B3E4-3CD3-4499-811B-CAC23FB776D4}.Release|x64.Build.0 = Release|Any CPU
		{8E76B3E4-3CD3-4499-811B-CAC23FB776D4}.Release|x86.ActiveCfg = Release|Any CPU
		{8E76B3E4-3CD3-4499-811B-CAC23FB776D4}.Release|x86.Build.0 = Release|Any CPU
		{67C5B69D-4164-45B3-8328-05BFE61E42B0}.Ad-Hoc|Any CPU.ActiveCfg = Release|Any CPU
		{67C5B69D-4164-45B3-8328-05BFE61E42B0}.Ad-Hoc|Any CPU.Build.0 = Release|Any CPU
		{67C5B69D-4164-45B3-8328-05BFE61E42B0}.Ad-Hoc|Any CPU.Deploy.0 = Release|Any CPU
		{67C5B69D-4164-45B3-8328-05BFE61E42B0}.Ad-Hoc|ARM.ActiveCfg = Release|Any CPU
		{67C5B69D-4164-45B3-8328-05BFE61E42B0}.Ad-Hoc|ARM.Build.0 = Release|Any CPU
		{67C5B69D-4164-45B3-8328-05BFE61E42B0}.Ad-Hoc|ARM.Deploy.0 = Release|Any CPU
		{67C5B69D-4164-45B3-8328-05BFE61E42B0}.Ad-Hoc|iPhone.ActiveCfg = Release|Any CPU
		{67C5B69D-4164-45B3-8328-05BFE61E42B0}.Ad-Hoc|iPhone.Build.0 = Release|Any CPU
		{67C5B69D-4164-45B3-8328-05BFE61E42B0}.Ad-Hoc|iPhone.Deploy.0 = Release|Any CPU
		{67C5B69D-4164-45B3-8328-05BFE61E42B0}.Ad-Hoc|iPhoneSimulator.ActiveCfg = Release|Any CPU
		{67C5B69D-4164-45B3-8328-05BFE61E42B0}.Ad-Hoc|iPhoneSimulator.Build.0 = Release|Any CPU
		{67C5B69D-4164-45B3-8328-05BFE61E42B0}.Ad-Hoc|iPhoneSimulator.Deploy.0 = Release|Any CPU
		{67C5B69D-4164-45B3-8328-05BFE61E42B0}.Ad-Hoc|x64.ActiveCfg = Release|Any CPU
		{67C5B69D-4164-45B3-8328-05BFE61E42B0}.Ad-Hoc|x64.Build.0 = Release|Any CPU
		{67C5B69D-4164-45B3-8328-05BFE61E42B0}.Ad-Hoc|x64.Deploy.0 = Release|Any CPU
		{67C5B69D-4164-45B3-8328-05BFE61E42B0}.Ad-Hoc|x86.ActiveCfg = Release|Any CPU
		{67C5B69D-4164-45B3-8328-05BFE61E42B0}.Ad-Hoc|x86.Build.0 = Release|Any CPU
		{67C5B69D-4164-45B3-8328-05BFE61E42B0}.Ad-Hoc|x86.Deploy.0 = Release|Any CPU
		{67C5B69D-4164-45B3-8328-05BFE61E42B0}.AppStore|Any CPU.ActiveCfg = Release|Any CPU
		{67C5B69D-4164-45B3-8328-05BFE61E42B0}.AppStore|Any CPU.Build.0 = Release|Any CPU
		{67C5B69D-4164-45B3-8328-05BFE61E42B0}.AppStore|Any CPU.Deploy.0 = Release|Any CPU
		{67C5B69D-4164-45B3-8328-05BFE61E42B0}.AppStore|ARM.ActiveCfg = Release|Any CPU
		{67C5B69D-4164-45B3-8328-05BFE61E42B0}.AppStore|ARM.Build.0 = Release|Any CPU
		{67C5B69D-4164-45B3-8328-05BFE61E42B0}.AppStore|ARM.Deploy.0 = Release|Any CPU
		{67C5B69D-4164-45B3-8328-05BFE61E42B0}.AppStore|iPhone.ActiveCfg = Release|Any CPU
		{67C5B69D-4164-45B3-8328-05BFE61E42B0}.AppStore|iPhone.Build.0 = Release|Any CPU
		{67C5B69D-4164-45B3-8328-05BFE61E42B0}.AppStore|iPhone.Deploy.0 = Release|Any CPU
		{67C5B69D-4164-45B3-8328-05BFE61E42B0}.AppStore|iPhoneSimulator.ActiveCfg = Release|Any CPU
		{67C5B69D-4164-45B3-8328-05BFE61E42B0}.AppStore|iPhoneSimulator.Build.0 = Release|Any CPU
		{67C5B69D-4164-45B3-8328-05BFE61E42B0}.AppStore|iPhoneSimulator.Deploy.0 = Release|Any CPU
		{67C5B69D-4164-45B3-8328-05BFE61E42B0}.AppStore|x64.ActiveCfg = Release|Any CPU
		{67C5B69D-4164-45B3-8328-05BFE61E42B0}.AppStore|x64.Build.0 = Release|Any CPU
		{67C5B69D-4164-45B3-8328-05BFE61E42B0}.AppStore|x64.Deploy.0 = Release|Any CPU
		{67C5B69D-4164-45B3-8328-05BFE61E42B0}.AppStore|x86.ActiveCfg = Release|Any CPU
		{67C5B69D-4164-45B3-8328-05BFE61E42B0}.AppStore|x86.Build.0 = Release|Any CPU
		{67C5B69D-4164-45B3-8328-05BFE61E42B0}.AppStore|x86.Deploy.0 = Release|Any CPU
		{67C5B69D-4164-45B3-8328-05BFE61E42B0}.Debug|Any CPU.ActiveCfg = Debug|Any CPU
		{67C5B69D-4164-45B3-8328-05BFE61E42B0}.Debug|Any CPU.Build.0 = Debug|Any CPU
		{67C5B69D-4164-45B3-8328-05BFE61E42B0}.Debug|Any CPU.Deploy.0 = Debug|Any CPU
		{67C5B69D-4164-45B3-8328-05BFE61E42B0}.Debug|ARM.ActiveCfg = Debug|Any CPU
		{67C5B69D-4164-45B3-8328-05BFE61E42B0}.Debug|ARM.Build.0 = Debug|Any CPU
		{67C5B69D-4164-45B3-8328-05BFE61E42B0}.Debug|ARM.Deploy.0 = Debug|Any CPU
		{67C5B69D-4164-45B3-8328-05BFE61E42B0}.Debug|iPhone.ActiveCfg = Debug|Any CPU
		{67C5B69D-4164-45B3-8328-05BFE61E42B0}.Debug|iPhone.Build.0 = Debug|Any CPU
		{67C5B69D-4164-45B3-8328-05BFE61E42B0}.Debug|iPhone.Deploy.0 = Debug|Any CPU
		{67C5B69D-4164-45B3-8328-05BFE61E42B0}.Debug|iPhoneSimulator.ActiveCfg = Debug|Any CPU
		{67C5B69D-4164-45B3-8328-05BFE61E42B0}.Debug|iPhoneSimulator.Build.0 = Debug|Any CPU
		{67C5B69D-4164-45B3-8328-05BFE61E42B0}.Debug|iPhoneSimulator.Deploy.0 = Debug|Any CPU
		{67C5B69D-4164-45B3-8328-05BFE61E42B0}.Debug|x64.ActiveCfg = Debug|Any CPU
		{67C5B69D-4164-45B3-8328-05BFE61E42B0}.Debug|x64.Build.0 = Debug|Any CPU
		{67C5B69D-4164-45B3-8328-05BFE61E42B0}.Debug|x64.Deploy.0 = Debug|Any CPU
		{67C5B69D-4164-45B3-8328-05BFE61E42B0}.Debug|x86.ActiveCfg = Debug|Any CPU
		{67C5B69D-4164-45B3-8328-05BFE61E42B0}.Debug|x86.Build.0 = Debug|Any CPU
		{67C5B69D-4164-45B3-8328-05BFE61E42B0}.Debug|x86.Deploy.0 = Debug|Any CPU
		{67C5B69D-4164-45B3-8328-05BFE61E42B0}.Release|Any CPU.ActiveCfg = Release|Any CPU
		{67C5B69D-4164-45B3-8328-05BFE61E42B0}.Release|Any CPU.Build.0 = Release|Any CPU
		{67C5B69D-4164-45B3-8328-05BFE61E42B0}.Release|Any CPU.Deploy.0 = Release|Any CPU
		{67C5B69D-4164-45B3-8328-05BFE61E42B0}.Release|ARM.ActiveCfg = Release|Any CPU
		{67C5B69D-4164-45B3-8328-05BFE61E42B0}.Release|ARM.Build.0 = Release|Any CPU
		{67C5B69D-4164-45B3-8328-05BFE61E42B0}.Release|ARM.Deploy.0 = Release|Any CPU
		{67C5B69D-4164-45B3-8328-05BFE61E42B0}.Release|iPhone.ActiveCfg = Release|Any CPU
		{67C5B69D-4164-45B3-8328-05BFE61E42B0}.Release|iPhone.Build.0 = Release|Any CPU
		{67C5B69D-4164-45B3-8328-05BFE61E42B0}.Release|iPhone.Deploy.0 = Release|Any CPU
		{67C5B69D-4164-45B3-8328-05BFE61E42B0}.Release|iPhoneSimulator.ActiveCfg = Release|Any CPU
		{67C5B69D-4164-45B3-8328-05BFE61E42B0}.Release|iPhoneSimulator.Build.0 = Release|Any CPU
		{67C5B69D-4164-45B3-8328-05BFE61E42B0}.Release|iPhoneSimulator.Deploy.0 = Release|Any CPU
		{67C5B69D-4164-45B3-8328-05BFE61E42B0}.Release|x64.ActiveCfg = Release|Any CPU
		{67C5B69D-4164-45B3-8328-05BFE61E42B0}.Release|x64.Build.0 = Release|Any CPU
		{67C5B69D-4164-45B3-8328-05BFE61E42B0}.Release|x64.Deploy.0 = Release|Any CPU
		{67C5B69D-4164-45B3-8328-05BFE61E42B0}.Release|x86.ActiveCfg = Release|Any CPU
		{67C5B69D-4164-45B3-8328-05BFE61E42B0}.Release|x86.Build.0 = Release|Any CPU
		{67C5B69D-4164-45B3-8328-05BFE61E42B0}.Release|x86.Deploy.0 = Release|Any CPU
		{6B7D114E-A89F-46EF-8C37-74B430D48E3B}.Ad-Hoc|Any CPU.ActiveCfg = Ad-Hoc|iPhone
		{6B7D114E-A89F-46EF-8C37-74B430D48E3B}.Ad-Hoc|ARM.ActiveCfg = Ad-Hoc|iPhone
		{6B7D114E-A89F-46EF-8C37-74B430D48E3B}.Ad-Hoc|iPhone.ActiveCfg = Ad-Hoc|iPhone
		{6B7D114E-A89F-46EF-8C37-74B430D48E3B}.Ad-Hoc|iPhone.Build.0 = Ad-Hoc|iPhone
		{6B7D114E-A89F-46EF-8C37-74B430D48E3B}.Ad-Hoc|iPhoneSimulator.ActiveCfg = Ad-Hoc|iPhoneSimulator
		{6B7D114E-A89F-46EF-8C37-74B430D48E3B}.Ad-Hoc|iPhoneSimulator.Build.0 = Ad-Hoc|iPhoneSimulator
		{6B7D114E-A89F-46EF-8C37-74B430D48E3B}.Ad-Hoc|x64.ActiveCfg = Ad-Hoc|iPhone
		{6B7D114E-A89F-46EF-8C37-74B430D48E3B}.Ad-Hoc|x86.ActiveCfg = Ad-Hoc|iPhone
		{6B7D114E-A89F-46EF-8C37-74B430D48E3B}.AppStore|Any CPU.ActiveCfg = AppStore|iPhone
		{6B7D114E-A89F-46EF-8C37-74B430D48E3B}.AppStore|ARM.ActiveCfg = AppStore|iPhone
		{6B7D114E-A89F-46EF-8C37-74B430D48E3B}.AppStore|iPhone.ActiveCfg = AppStore|iPhone
		{6B7D114E-A89F-46EF-8C37-74B430D48E3B}.AppStore|iPhone.Build.0 = AppStore|iPhone
		{6B7D114E-A89F-46EF-8C37-74B430D48E3B}.AppStore|iPhoneSimulator.ActiveCfg = AppStore|iPhoneSimulator
		{6B7D114E-A89F-46EF-8C37-74B430D48E3B}.AppStore|iPhoneSimulator.Build.0 = AppStore|iPhoneSimulator
		{6B7D114E-A89F-46EF-8C37-74B430D48E3B}.AppStore|x64.ActiveCfg = AppStore|iPhone
		{6B7D114E-A89F-46EF-8C37-74B430D48E3B}.AppStore|x86.ActiveCfg = AppStore|iPhone
		{6B7D114E-A89F-46EF-8C37-74B430D48E3B}.Debug|Any CPU.ActiveCfg = Debug|iPhone
		{6B7D114E-A89F-46EF-8C37-74B430D48E3B}.Debug|ARM.ActiveCfg = Debug|iPhone
		{6B7D114E-A89F-46EF-8C37-74B430D48E3B}.Debug|iPhone.ActiveCfg = Debug|iPhone
		{6B7D114E-A89F-46EF-8C37-74B430D48E3B}.Debug|iPhone.Build.0 = Debug|iPhone
		{6B7D114E-A89F-46EF-8C37-74B430D48E3B}.Debug|iPhoneSimulator.ActiveCfg = Debug|iPhoneSimulator
		{6B7D114E-A89F-46EF-8C37-74B430D48E3B}.Debug|iPhoneSimulator.Build.0 = Debug|iPhoneSimulator
		{6B7D114E-A89F-46EF-8C37-74B430D48E3B}.Debug|x64.ActiveCfg = Debug|iPhone
		{6B7D114E-A89F-46EF-8C37-74B430D48E3B}.Debug|x86.ActiveCfg = Debug|iPhone
		{6B7D114E-A89F-46EF-8C37-74B430D48E3B}.Release|Any CPU.ActiveCfg = Release|iPhone
		{6B7D114E-A89F-46EF-8C37-74B430D48E3B}.Release|ARM.ActiveCfg = Release|iPhone
		{6B7D114E-A89F-46EF-8C37-74B430D48E3B}.Release|iPhone.ActiveCfg = Release|iPhone
		{6B7D114E-A89F-46EF-8C37-74B430D48E3B}.Release|iPhone.Build.0 = Release|iPhone
		{6B7D114E-A89F-46EF-8C37-74B430D48E3B}.Release|iPhoneSimulator.ActiveCfg = Release|iPhoneSimulator
		{6B7D114E-A89F-46EF-8C37-74B430D48E3B}.Release|iPhoneSimulator.Build.0 = Release|iPhoneSimulator
		{6B7D114E-A89F-46EF-8C37-74B430D48E3B}.Release|x64.ActiveCfg = Release|iPhone
		{6B7D114E-A89F-46EF-8C37-74B430D48E3B}.Release|x86.ActiveCfg = Release|iPhone
		{71CE7A45-18FD-4EA1-97ED-AB7B3768B2E3}.Ad-Hoc|Any CPU.ActiveCfg = Release|Any CPU
		{71CE7A45-18FD-4EA1-97ED-AB7B3768B2E3}.Ad-Hoc|Any CPU.Build.0 = Release|Any CPU
		{71CE7A45-18FD-4EA1-97ED-AB7B3768B2E3}.Ad-Hoc|Any CPU.Deploy.0 = Release|Any CPU
		{71CE7A45-18FD-4EA1-97ED-AB7B3768B2E3}.Ad-Hoc|ARM.ActiveCfg = Release|ARM
		{71CE7A45-18FD-4EA1-97ED-AB7B3768B2E3}.Ad-Hoc|ARM.Build.0 = Release|ARM
		{71CE7A45-18FD-4EA1-97ED-AB7B3768B2E3}.Ad-Hoc|ARM.Deploy.0 = Release|ARM
		{71CE7A45-18FD-4EA1-97ED-AB7B3768B2E3}.Ad-Hoc|iPhone.ActiveCfg = Release|Any CPU
		{71CE7A45-18FD-4EA1-97ED-AB7B3768B2E3}.Ad-Hoc|iPhone.Build.0 = Release|Any CPU
		{71CE7A45-18FD-4EA1-97ED-AB7B3768B2E3}.Ad-Hoc|iPhone.Deploy.0 = Release|Any CPU
		{71CE7A45-18FD-4EA1-97ED-AB7B3768B2E3}.Ad-Hoc|iPhoneSimulator.ActiveCfg = Release|Any CPU
		{71CE7A45-18FD-4EA1-97ED-AB7B3768B2E3}.Ad-Hoc|iPhoneSimulator.Build.0 = Release|Any CPU
		{71CE7A45-18FD-4EA1-97ED-AB7B3768B2E3}.Ad-Hoc|iPhoneSimulator.Deploy.0 = Release|Any CPU
		{71CE7A45-18FD-4EA1-97ED-AB7B3768B2E3}.Ad-Hoc|x64.ActiveCfg = Release|Any CPU
		{71CE7A45-18FD-4EA1-97ED-AB7B3768B2E3}.Ad-Hoc|x64.Build.0 = Release|Any CPU
		{71CE7A45-18FD-4EA1-97ED-AB7B3768B2E3}.Ad-Hoc|x64.Deploy.0 = Release|Any CPU
		{71CE7A45-18FD-4EA1-97ED-AB7B3768B2E3}.Ad-Hoc|x86.ActiveCfg = Release|x86
		{71CE7A45-18FD-4EA1-97ED-AB7B3768B2E3}.Ad-Hoc|x86.Build.0 = Release|x86
		{71CE7A45-18FD-4EA1-97ED-AB7B3768B2E3}.Ad-Hoc|x86.Deploy.0 = Release|x86
		{71CE7A45-18FD-4EA1-97ED-AB7B3768B2E3}.AppStore|Any CPU.ActiveCfg = Release|Any CPU
		{71CE7A45-18FD-4EA1-97ED-AB7B3768B2E3}.AppStore|Any CPU.Build.0 = Release|Any CPU
		{71CE7A45-18FD-4EA1-97ED-AB7B3768B2E3}.AppStore|Any CPU.Deploy.0 = Release|Any CPU
		{71CE7A45-18FD-4EA1-97ED-AB7B3768B2E3}.AppStore|ARM.ActiveCfg = Release|ARM
		{71CE7A45-18FD-4EA1-97ED-AB7B3768B2E3}.AppStore|ARM.Build.0 = Release|ARM
		{71CE7A45-18FD-4EA1-97ED-AB7B3768B2E3}.AppStore|ARM.Deploy.0 = Release|ARM
		{71CE7A45-18FD-4EA1-97ED-AB7B3768B2E3}.AppStore|iPhone.ActiveCfg = Release|Any CPU
		{71CE7A45-18FD-4EA1-97ED-AB7B3768B2E3}.AppStore|iPhone.Build.0 = Release|Any CPU
		{71CE7A45-18FD-4EA1-97ED-AB7B3768B2E3}.AppStore|iPhone.Deploy.0 = Release|Any CPU
		{71CE7A45-18FD-4EA1-97ED-AB7B3768B2E3}.AppStore|iPhoneSimulator.ActiveCfg = Release|Any CPU
		{71CE7A45-18FD-4EA1-97ED-AB7B3768B2E3}.AppStore|iPhoneSimulator.Build.0 = Release|Any CPU
		{71CE7A45-18FD-4EA1-97ED-AB7B3768B2E3}.AppStore|iPhoneSimulator.Deploy.0 = Release|Any CPU
		{71CE7A45-18FD-4EA1-97ED-AB7B3768B2E3}.AppStore|x64.ActiveCfg = Release|Any CPU
		{71CE7A45-18FD-4EA1-97ED-AB7B3768B2E3}.AppStore|x64.Build.0 = Release|Any CPU
		{71CE7A45-18FD-4EA1-97ED-AB7B3768B2E3}.AppStore|x64.Deploy.0 = Release|Any CPU
		{71CE7A45-18FD-4EA1-97ED-AB7B3768B2E3}.AppStore|x86.ActiveCfg = Release|x86
		{71CE7A45-18FD-4EA1-97ED-AB7B3768B2E3}.AppStore|x86.Build.0 = Release|x86
		{71CE7A45-18FD-4EA1-97ED-AB7B3768B2E3}.AppStore|x86.Deploy.0 = Release|x86
		{71CE7A45-18FD-4EA1-97ED-AB7B3768B2E3}.Debug|Any CPU.ActiveCfg = Debug|Any CPU
		{71CE7A45-18FD-4EA1-97ED-AB7B3768B2E3}.Debug|Any CPU.Build.0 = Debug|Any CPU
		{71CE7A45-18FD-4EA1-97ED-AB7B3768B2E3}.Debug|Any CPU.Deploy.0 = Debug|Any CPU
		{71CE7A45-18FD-4EA1-97ED-AB7B3768B2E3}.Debug|ARM.ActiveCfg = Debug|ARM
		{71CE7A45-18FD-4EA1-97ED-AB7B3768B2E3}.Debug|ARM.Build.0 = Debug|ARM
		{71CE7A45-18FD-4EA1-97ED-AB7B3768B2E3}.Debug|ARM.Deploy.0 = Debug|ARM
		{71CE7A45-18FD-4EA1-97ED-AB7B3768B2E3}.Debug|iPhone.ActiveCfg = Debug|Any CPU
		{71CE7A45-18FD-4EA1-97ED-AB7B3768B2E3}.Debug|iPhone.Build.0 = Debug|Any CPU
		{71CE7A45-18FD-4EA1-97ED-AB7B3768B2E3}.Debug|iPhone.Deploy.0 = Debug|Any CPU
		{71CE7A45-18FD-4EA1-97ED-AB7B3768B2E3}.Debug|iPhoneSimulator.ActiveCfg = Debug|Any CPU
		{71CE7A45-18FD-4EA1-97ED-AB7B3768B2E3}.Debug|iPhoneSimulator.Build.0 = Debug|Any CPU
		{71CE7A45-18FD-4EA1-97ED-AB7B3768B2E3}.Debug|iPhoneSimulator.Deploy.0 = Debug|Any CPU
		{71CE7A45-18FD-4EA1-97ED-AB7B3768B2E3}.Debug|x64.ActiveCfg = Debug|Any CPU
		{71CE7A45-18FD-4EA1-97ED-AB7B3768B2E3}.Debug|x64.Build.0 = Debug|Any CPU
		{71CE7A45-18FD-4EA1-97ED-AB7B3768B2E3}.Debug|x64.Deploy.0 = Debug|Any CPU
		{71CE7A45-18FD-4EA1-97ED-AB7B3768B2E3}.Debug|x86.ActiveCfg = Debug|x86
		{71CE7A45-18FD-4EA1-97ED-AB7B3768B2E3}.Debug|x86.Build.0 = Debug|x86
		{71CE7A45-18FD-4EA1-97ED-AB7B3768B2E3}.Debug|x86.Deploy.0 = Debug|x86
		{71CE7A45-18FD-4EA1-97ED-AB7B3768B2E3}.Release|Any CPU.ActiveCfg = Release|Any CPU
		{71CE7A45-18FD-4EA1-97ED-AB7B3768B2E3}.Release|Any CPU.Build.0 = Release|Any CPU
		{71CE7A45-18FD-4EA1-97ED-AB7B3768B2E3}.Release|Any CPU.Deploy.0 = Release|Any CPU
		{71CE7A45-18FD-4EA1-97ED-AB7B3768B2E3}.Release|ARM.ActiveCfg = Release|ARM
		{71CE7A45-18FD-4EA1-97ED-AB7B3768B2E3}.Release|ARM.Build.0 = Release|ARM
		{71CE7A45-18FD-4EA1-97ED-AB7B3768B2E3}.Release|ARM.Deploy.0 = Release|ARM
		{71CE7A45-18FD-4EA1-97ED-AB7B3768B2E3}.Release|iPhone.ActiveCfg = Release|Any CPU
		{71CE7A45-18FD-4EA1-97ED-AB7B3768B2E3}.Release|iPhone.Build.0 = Release|Any CPU
		{71CE7A45-18FD-4EA1-97ED-AB7B3768B2E3}.Release|iPhone.Deploy.0 = Release|Any CPU
		{71CE7A45-18FD-4EA1-97ED-AB7B3768B2E3}.Release|iPhoneSimulator.ActiveCfg = Release|Any CPU
		{71CE7A45-18FD-4EA1-97ED-AB7B3768B2E3}.Release|iPhoneSimulator.Build.0 = Release|Any CPU
		{71CE7A45-18FD-4EA1-97ED-AB7B3768B2E3}.Release|iPhoneSimulator.Deploy.0 = Release|Any CPU
		{71CE7A45-18FD-4EA1-97ED-AB7B3768B2E3}.Release|x64.ActiveCfg = Release|Any CPU
		{71CE7A45-18FD-4EA1-97ED-AB7B3768B2E3}.Release|x64.Build.0 = Release|Any CPU
		{71CE7A45-18FD-4EA1-97ED-AB7B3768B2E3}.Release|x64.Deploy.0 = Release|Any CPU
		{71CE7A45-18FD-4EA1-97ED-AB7B3768B2E3}.Release|x86.ActiveCfg = Release|x86
		{71CE7A45-18FD-4EA1-97ED-AB7B3768B2E3}.Release|x86.Build.0 = Release|x86
		{71CE7A45-18FD-4EA1-97ED-AB7B3768B2E3}.Release|x86.Deploy.0 = Release|x86
		{4CF1A4F3-3458-42A8-B745-1ED6BCD9D3D2}.Ad-Hoc|Any CPU.ActiveCfg = Release|Any CPU
		{4CF1A4F3-3458-42A8-B745-1ED6BCD9D3D2}.Ad-Hoc|Any CPU.Build.0 = Release|Any CPU
		{4CF1A4F3-3458-42A8-B745-1ED6BCD9D3D2}.Ad-Hoc|Any CPU.Deploy.0 = Release|Any CPU
		{4CF1A4F3-3458-42A8-B745-1ED6BCD9D3D2}.Ad-Hoc|ARM.ActiveCfg = Release|ARM
		{4CF1A4F3-3458-42A8-B745-1ED6BCD9D3D2}.Ad-Hoc|ARM.Build.0 = Release|ARM
		{4CF1A4F3-3458-42A8-B745-1ED6BCD9D3D2}.Ad-Hoc|ARM.Deploy.0 = Release|ARM
		{4CF1A4F3-3458-42A8-B745-1ED6BCD9D3D2}.Ad-Hoc|iPhone.ActiveCfg = Release|Any CPU
		{4CF1A4F3-3458-42A8-B745-1ED6BCD9D3D2}.Ad-Hoc|iPhone.Build.0 = Release|Any CPU
		{4CF1A4F3-3458-42A8-B745-1ED6BCD9D3D2}.Ad-Hoc|iPhone.Deploy.0 = Release|Any CPU
		{4CF1A4F3-3458-42A8-B745-1ED6BCD9D3D2}.Ad-Hoc|iPhoneSimulator.ActiveCfg = Release|Any CPU
		{4CF1A4F3-3458-42A8-B745-1ED6BCD9D3D2}.Ad-Hoc|iPhoneSimulator.Build.0 = Release|Any CPU
		{4CF1A4F3-3458-42A8-B745-1ED6BCD9D3D2}.Ad-Hoc|iPhoneSimulator.Deploy.0 = Release|Any CPU
		{4CF1A4F3-3458-42A8-B745-1ED6BCD9D3D2}.Ad-Hoc|x64.ActiveCfg = Release|x64
		{4CF1A4F3-3458-42A8-B745-1ED6BCD9D3D2}.Ad-Hoc|x64.Build.0 = Release|x64
		{4CF1A4F3-3458-42A8-B745-1ED6BCD9D3D2}.Ad-Hoc|x64.Deploy.0 = Release|x64
		{4CF1A4F3-3458-42A8-B745-1ED6BCD9D3D2}.Ad-Hoc|x86.ActiveCfg = Release|x86
		{4CF1A4F3-3458-42A8-B745-1ED6BCD9D3D2}.Ad-Hoc|x86.Build.0 = Release|x86
		{4CF1A4F3-3458-42A8-B745-1ED6BCD9D3D2}.Ad-Hoc|x86.Deploy.0 = Release|x86
		{4CF1A4F3-3458-42A8-B745-1ED6BCD9D3D2}.AppStore|Any CPU.ActiveCfg = Release|Any CPU
		{4CF1A4F3-3458-42A8-B745-1ED6BCD9D3D2}.AppStore|Any CPU.Build.0 = Release|Any CPU
		{4CF1A4F3-3458-42A8-B745-1ED6BCD9D3D2}.AppStore|Any CPU.Deploy.0 = Release|Any CPU
		{4CF1A4F3-3458-42A8-B745-1ED6BCD9D3D2}.AppStore|ARM.ActiveCfg = Release|ARM
		{4CF1A4F3-3458-42A8-B745-1ED6BCD9D3D2}.AppStore|ARM.Build.0 = Release|ARM
		{4CF1A4F3-3458-42A8-B745-1ED6BCD9D3D2}.AppStore|ARM.Deploy.0 = Release|ARM
		{4CF1A4F3-3458-42A8-B745-1ED6BCD9D3D2}.AppStore|iPhone.ActiveCfg = Release|Any CPU
		{4CF1A4F3-3458-42A8-B745-1ED6BCD9D3D2}.AppStore|iPhone.Build.0 = Release|Any CPU
		{4CF1A4F3-3458-42A8-B745-1ED6BCD9D3D2}.AppStore|iPhone.Deploy.0 = Release|Any CPU
		{4CF1A4F3-3458-42A8-B745-1ED6BCD9D3D2}.AppStore|iPhoneSimulator.ActiveCfg = Release|Any CPU
		{4CF1A4F3-3458-42A8-B745-1ED6BCD9D3D2}.AppStore|iPhoneSimulator.Build.0 = Release|Any CPU
		{4CF1A4F3-3458-42A8-B745-1ED6BCD9D3D2}.AppStore|iPhoneSimulator.Deploy.0 = Release|Any CPU
		{4CF1A4F3-3458-42A8-B745-1ED6BCD9D3D2}.AppStore|x64.ActiveCfg = Release|x64
		{4CF1A4F3-3458-42A8-B745-1ED6BCD9D3D2}.AppStore|x64.Build.0 = Release|x64
		{4CF1A4F3-3458-42A8-B745-1ED6BCD9D3D2}.AppStore|x64.Deploy.0 = Release|x64
		{4CF1A4F3-3458-42A8-B745-1ED6BCD9D3D2}.AppStore|x86.ActiveCfg = Release|x86
		{4CF1A4F3-3458-42A8-B745-1ED6BCD9D3D2}.AppStore|x86.Build.0 = Release|x86
		{4CF1A4F3-3458-42A8-B745-1ED6BCD9D3D2}.AppStore|x86.Deploy.0 = Release|x86
		{4CF1A4F3-3458-42A8-B745-1ED6BCD9D3D2}.Debug|Any CPU.ActiveCfg = Debug|Any CPU
		{4CF1A4F3-3458-42A8-B745-1ED6BCD9D3D2}.Debug|Any CPU.Build.0 = Debug|Any CPU
		{4CF1A4F3-3458-42A8-B745-1ED6BCD9D3D2}.Debug|Any CPU.Deploy.0 = Debug|Any CPU
		{4CF1A4F3-3458-42A8-B745-1ED6BCD9D3D2}.Debug|ARM.ActiveCfg = Debug|ARM
		{4CF1A4F3-3458-42A8-B745-1ED6BCD9D3D2}.Debug|ARM.Build.0 = Debug|ARM
		{4CF1A4F3-3458-42A8-B745-1ED6BCD9D3D2}.Debug|ARM.Deploy.0 = Debug|ARM
		{4CF1A4F3-3458-42A8-B745-1ED6BCD9D3D2}.Debug|iPhone.ActiveCfg = Debug|Any CPU
		{4CF1A4F3-3458-42A8-B745-1ED6BCD9D3D2}.Debug|iPhone.Build.0 = Debug|Any CPU
		{4CF1A4F3-3458-42A8-B745-1ED6BCD9D3D2}.Debug|iPhone.Deploy.0 = Debug|Any CPU
		{4CF1A4F3-3458-42A8-B745-1ED6BCD9D3D2}.Debug|iPhoneSimulator.ActiveCfg = Debug|Any CPU
		{4CF1A4F3-3458-42A8-B745-1ED6BCD9D3D2}.Debug|iPhoneSimulator.Build.0 = Debug|Any CPU
		{4CF1A4F3-3458-42A8-B745-1ED6BCD9D3D2}.Debug|iPhoneSimulator.Deploy.0 = Debug|Any CPU
		{4CF1A4F3-3458-42A8-B745-1ED6BCD9D3D2}.Debug|x64.ActiveCfg = Debug|x64
		{4CF1A4F3-3458-42A8-B745-1ED6BCD9D3D2}.Debug|x64.Build.0 = Debug|x64
		{4CF1A4F3-3458-42A8-B745-1ED6BCD9D3D2}.Debug|x64.Deploy.0 = Debug|x64
		{4CF1A4F3-3458-42A8-B745-1ED6BCD9D3D2}.Debug|x86.ActiveCfg = Debug|x86
		{4CF1A4F3-3458-42A8-B745-1ED6BCD9D3D2}.Debug|x86.Build.0 = Debug|x86
		{4CF1A4F3-3458-42A8-B745-1ED6BCD9D3D2}.Debug|x86.Deploy.0 = Debug|x86
		{4CF1A4F3-3458-42A8-B745-1ED6BCD9D3D2}.Release|Any CPU.ActiveCfg = Release|Any CPU
		{4CF1A4F3-3458-42A8-B745-1ED6BCD9D3D2}.Release|Any CPU.Build.0 = Release|Any CPU
		{4CF1A4F3-3458-42A8-B745-1ED6BCD9D3D2}.Release|Any CPU.Deploy.0 = Release|Any CPU
		{4CF1A4F3-3458-42A8-B745-1ED6BCD9D3D2}.Release|ARM.ActiveCfg = Release|ARM
		{4CF1A4F3-3458-42A8-B745-1ED6BCD9D3D2}.Release|ARM.Build.0 = Release|ARM
		{4CF1A4F3-3458-42A8-B745-1ED6BCD9D3D2}.Release|ARM.Deploy.0 = Release|ARM
		{4CF1A4F3-3458-42A8-B745-1ED6BCD9D3D2}.Release|iPhone.ActiveCfg = Release|Any CPU
		{4CF1A4F3-3458-42A8-B745-1ED6BCD9D3D2}.Release|iPhone.Build.0 = Release|Any CPU
		{4CF1A4F3-3458-42A8-B745-1ED6BCD9D3D2}.Release|iPhone.Deploy.0 = Release|Any CPU
		{4CF1A4F3-3458-42A8-B745-1ED6BCD9D3D2}.Release|iPhoneSimulator.ActiveCfg = Release|Any CPU
		{4CF1A4F3-3458-42A8-B745-1ED6BCD9D3D2}.Release|iPhoneSimulator.Build.0 = Release|Any CPU
		{4CF1A4F3-3458-42A8-B745-1ED6BCD9D3D2}.Release|iPhoneSimulator.Deploy.0 = Release|Any CPU
		{4CF1A4F3-3458-42A8-B745-1ED6BCD9D3D2}.Release|x64.ActiveCfg = Release|x64
		{4CF1A4F3-3458-42A8-B745-1ED6BCD9D3D2}.Release|x64.Build.0 = Release|x64
		{4CF1A4F3-3458-42A8-B745-1ED6BCD9D3D2}.Release|x64.Deploy.0 = Release|x64
		{4CF1A4F3-3458-42A8-B745-1ED6BCD9D3D2}.Release|x86.ActiveCfg = Release|x86
		{4CF1A4F3-3458-42A8-B745-1ED6BCD9D3D2}.Release|x86.Build.0 = Release|x86
		{4CF1A4F3-3458-42A8-B745-1ED6BCD9D3D2}.Release|x86.Deploy.0 = Release|x86
	EndGlobalSection
	GlobalSection(SolutionProperties) = preSolution
		HideSolutionNode = FALSE
	EndGlobalSection
EndGlobal
